
Microsoft Visual Studio Solution File, Format Version 12.00
# Visual Studio Version 17
VisualStudioVersion = 17.0.31903.59
MinimumVisualStudioVersion = 10.0.40219.1
Project("{9A19103F-16F7-4668-BE54-9A1E7A4F7556}") = "SimUDuckApp", "SimUDuckApp\SimUDuckApp.csproj", "{96BEBE69-4949-4B52-B1EB-68EBC169ED11}"
EndProject
Project("{2150E333-8FDC-42A3-9474-1A3956D46DE8}") = "StrategyPattern", "StrategyPattern", "{006F5342-C890-48F0-AE30-81438C2ADA84}"
EndProject
Project("{2150E333-8FDC-42A3-9474-1A3956D46DE8}") = "ObserverPattern", "ObserverPattern", "{A9A0A9E5-2509-4A65-AB01-9076FA191713}"
EndProject
Project("{FAE04EC0-301F-11D3-BF4B-00C04F79EFBC}") = "WeatherStation", "WeatherStation\WeatherStation.csproj", "{29BCD4C9-9EAB-4833-A224-41C766FC72C6}"
EndProject
Global
	GlobalSection(SolutionConfigurationPlatforms) = preSolution
		Debug|Any CPU = Debug|Any CPU
		Release|Any CPU = Release|Any CPU
	EndGlobalSection
	GlobalSection(ProjectConfigurationPlatforms) = postSolution
		{96BEBE69-4949-4B52-B1EB-68EBC169ED11}.Debug|Any CPU.ActiveCfg = Debug|Any CPU
		{96BEBE69-4949-4B52-B1EB-68EBC169ED11}.Debug|Any CPU.Build.0 = Debug|Any CPU
		{96BEBE69-4949-4B52-B1EB-68EBC169ED11}.Release|Any CPU.ActiveCfg = Release|Any CPU
		{96BEBE69-4949-4B52-B1EB-68EBC169ED11}.Release|Any CPU.Build.0 = Release|Any CPU
		{29BCD4C9-9EAB-4833-A224-41C766FC72C6}.Debug|Any CPU.ActiveCfg = Debug|Any CPU
		{29BCD4C9-9EAB-4833-A224-41C766FC72C6}.Debug|Any CPU.Build.0 = Debug|Any CPU
		{29BCD4C9-9EAB-4833-A224-41C766FC72C6}.Release|Any CPU.ActiveCfg = Release|Any CPU
		{29BCD4C9-9EAB-4833-A224-41C766FC72C6}.Release|Any CPU.Build.0 = Release|Any CPU
	EndGlobalSection
	GlobalSection(SolutionProperties) = preSolution
		HideSolutionNode = FALSE
	EndGlobalSection
	GlobalSection(NestedProjects) = preSolution
		{96BEBE69-4949-4B52-B1EB-68EBC169ED11} = {006F5342-C890-48F0-AE30-81438C2ADA84}
		{29BCD4C9-9EAB-4833-A224-41C766FC72C6} = {A9A0A9E5-2509-4A65-AB01-9076FA191713}
	EndGlobalSection
	GlobalSection(ExtensibilityGlobals) = postSolution
		SolutionGuid = {695B6B3F-8551-428F-9727-B7ACCC30A553}
	EndGlobalSection
EndGlobal
