
Microsoft Visual Studio Solution File, Format Version 12.00
# Visual Studio Version 17
VisualStudioVersion = 17.0.31903.59
MinimumVisualStudioVersion = 10.0.40219.1
Project("{FAE04EC0-301F-11D3-BF4B-00C04F79EFBC}") = "SimUDuckApp", "SimUDuckApp\SimUDuckApp.csproj", "{96BEBE69-4949-4B52-B1EB-68EBC169ED11}"
EndProject
Global
	GlobalSection(SolutionConfigurationPlatforms) = preSolution
		Debug|Any CPU = Debug|Any CPU
		Release|Any CPU = Release|Any CPU
	EndGlobalSection
	GlobalSection(ProjectConfigurationPlatforms) = postSolution
		{96BEBE69-4949-4B52-B1EB-68EBC169ED11}.Debug|Any CPU.ActiveCfg = Debug|Any CPU
		{96BEBE69-4949-4B52-B1EB-68EBC169ED11}.Debug|Any CPU.Build.0 = Debug|Any CPU
		{96BEBE69-4949-4B52-B1EB-68EBC169ED11}.Release|Any CPU.ActiveCfg = Release|Any CPU
		{96BEBE69-4949-4B52-B1EB-68EBC169ED11}.Release|Any CPU.Build.0 = Release|Any CPU
	EndGlobalSection
	GlobalSection(SolutionProperties) = preSolution
		HideSolutionNode = FALSE
	EndGlobalSection
	GlobalSection(ExtensibilityGlobals) = postSolution
		SolutionGuid = {695B6B3F-8551-428F-9727-B7ACCC30A553}
	EndGlobalSection
EndGlobal
